
Microsoft Visual Studio Solution File, Format Version 12.00
# Visual Studio Version 16
VisualStudioVersion = 16.0.31129.286
MinimumVisualStudioVersion = 10.0.40219.1
Project("{FAE04EC0-301F-11D3-BF4B-00C04F79EFBC}") = "PostcardsBase.Android", "PostcardsBase.Android\PostcardsBase.Android.csproj", "{9191D0D5-9734-4D24-9A72-19FCD50E592A}"
EndProject
Project("{FAE04EC0-301F-11D3-BF4B-00C04F79EFBC}") = "PostcardsBase.iOS", "PostcardsBase.iOS\PostcardsBase.iOS.csproj", "{AF156D0F-C861-4036-8C46-913A5BF95727}"
EndProject
Project("{FAE04EC0-301F-11D3-BF4B-00C04F79EFBC}") = "PostcardsBase", "PostcardsBase\PostcardsBase.csproj", "{EA3619F0-8D9C-4B8F-85FD-6692B134E498}"
EndProject
Global
	GlobalSection(SolutionConfigurationPlatforms) = preSolution
		Debug|Any CPU = Debug|Any CPU
		Debug|iPhone = Debug|iPhone
		Debug|iPhoneSimulator = Debug|iPhoneSimulator
		Release|Any CPU = Release|Any CPU
		Release|iPhone = Release|iPhone
		Release|iPhoneSimulator = Release|iPhoneSimulator
	EndGlobalSection
	GlobalSection(ProjectConfigurationPlatforms) = postSolution
		{9191D0D5-9734-4D24-9A72-19FCD50E592A}.Debug|Any CPU.ActiveCfg = Debug|Any CPU
		{9191D0D5-9734-4D24-9A72-19FCD50E592A}.Debug|Any CPU.Build.0 = Debug|Any CPU
		{9191D0D5-9734-4D24-9A72-19FCD50E592A}.Debug|Any CPU.Deploy.0 = Debug|Any CPU
		{9191D0D5-9734-4D24-9A72-19FCD50E592A}.Debug|iPhone.ActiveCfg = Debug|Any CPU
		{9191D0D5-9734-4D24-9A72-19FCD50E592A}.Debug|iPhone.Build.0 = Debug|Any CPU
		{9191D0D5-9734-4D24-9A72-19FCD50E592A}.Debug|iPhone.Deploy.0 = Debug|Any CPU
		{9191D0D5-9734-4D24-9A72-19FCD50E592A}.Debug|iPhoneSimulator.ActiveCfg = Debug|Any CPU
		{9191D0D5-9734-4D24-9A72-19FCD50E592A}.Debug|iPhoneSimulator.Build.0 = Debug|Any CPU
		{9191D0D5-9734-4D24-9A72-19FCD50E592A}.Debug|iPhoneSimulator.Deploy.0 = Debug|Any CPU
		{9191D0D5-9734-4D24-9A72-19FCD50E592A}.Release|Any CPU.ActiveCfg = Release|Any CPU
		{9191D0D5-9734-4D24-9A72-19FCD50E592A}.Release|Any CPU.Build.0 = Release|Any CPU
		{9191D0D5-9734-4D24-9A72-19FCD50E592A}.Release|Any CPU.Deploy.0 = Release|Any CPU
		{9191D0D5-9734-4D24-9A72-19FCD50E592A}.Release|iPhone.ActiveCfg = Release|Any CPU
		{9191D0D5-9734-4D24-9A72-19FCD50E592A}.Release|iPhone.Build.0 = Release|Any CPU
		{9191D0D5-9734-4D24-9A72-19FCD50E592A}.Release|iPhone.Deploy.0 = Release|Any CPU
		{9191D0D5-9734-4D24-9A72-19FCD50E592A}.Release|iPhoneSimulator.ActiveCfg = Release|Any CPU
		{9191D0D5-9734-4D24-9A72-19FCD50E592A}.Release|iPhoneSimulator.Build.0 = Release|Any CPU
		{9191D0D5-9734-4D24-9A72-19FCD50E592A}.Release|iPhoneSimulator.Deploy.0 = Release|Any CPU
		{AF156D0F-C861-4036-8C46-913A5BF95727}.Debug|Any CPU.ActiveCfg = Debug|iPhone
		{AF156D0F-C861-4036-8C46-913A5BF95727}.Debug|Any CPU.Build.0 = Debug|iPhone
		{AF156D0F-C861-4036-8C46-913A5BF95727}.Debug|Any CPU.Deploy.0 = Debug|iPhone
		{AF156D0F-C861-4036-8C46-913A5BF95727}.Debug|iPhone.ActiveCfg = Debug|iPhone
		{AF156D0F-C861-4036-8C46-913A5BF95727}.Debug|iPhone.Build.0 = Debug|iPhone
		{AF156D0F-C861-4036-8C46-913A5BF95727}.Debug|iPhone.Deploy.0 = Debug|iPhone
		{AF156D0F-C861-4036-8C46-913A5BF95727}.Debug|iPhoneSimulator.ActiveCfg = Debug|iPhoneSimulator
		{AF156D0F-C861-4036-8C46-913A5BF95727}.Debug|iPhoneSimulator.Build.0 = Debug|iPhoneSimulator
		{AF156D0F-C861-4036-8C46-913A5BF95727}.Debug|iPhoneSimulator.Deploy.0 = Debug|iPhoneSimulator
		{AF156D0F-C861-4036-8C46-913A5BF95727}.Release|Any CPU.ActiveCfg = Release|iPhoneSimulator
		{AF156D0F-C861-4036-8C46-913A5BF95727}.Release|Any CPU.Build.0 = Release|iPhoneSimulator
		{AF156D0F-C861-4036-8C46-913A5BF95727}.Release|Any CPU.Deploy.0 = Release|iPhoneSimulator
		{AF156D0F-C861-4036-8C46-913A5BF95727}.Release|iPhone.ActiveCfg = Release|iPhone
		{AF156D0F-C861-4036-8C46-913A5BF95727}.Release|iPhone.Build.0 = Release|iPhone
		{AF156D0F-C861-4036-8C46-913A5BF95727}.Release|iPhone.Deploy.0 = Release|iPhone
		{AF156D0F-C861-4036-8C46-913A5BF95727}.Release|iPhoneSimulator.ActiveCfg = Release|iPhoneSimulator
		{AF156D0F-C861-4036-8C46-913A5BF95727}.Release|iPhoneSimulator.Build.0 = Release|iPhoneSimulator
		{AF156D0F-C861-4036-8C46-913A5BF95727}.Release|iPhoneSimulator.Deploy.0 = Release|iPhoneSimulator
		{EA3619F0-8D9C-4B8F-85FD-6692B134E498}.Debug|Any CPU.ActiveCfg = Debug|Any CPU
		{EA3619F0-8D9C-4B8F-85FD-6692B134E498}.Debug|Any CPU.Build.0 = Debug|Any CPU
		{EA3619F0-8D9C-4B8F-85FD-6692B134E498}.Debug|Any CPU.Deploy.0 = Debug|Any CPU
		{EA3619F0-8D9C-4B8F-85FD-6692B134E498}.Debug|iPhone.ActiveCfg = Debug|Any CPU
		{EA3619F0-8D9C-4B8F-85FD-6692B134E498}.Debug|iPhone.Build.0 = Debug|Any CPU
		{EA3619F0-8D9C-4B8F-85FD-6692B134E498}.Debug|iPhone.Deploy.0 = Debug|Any CPU
		{EA3619F0-8D9C-4B8F-85FD-6692B134E498}.Debug|iPhoneSimulator.ActiveCfg = Debug|Any CPU
		{EA3619F0-8D9C-4B8F-85FD-6692B134E498}.Debug|iPhoneSimulator.Build.0 = Debug|Any CPU
		{EA3619F0-8D9C-4B8F-85FD-6692B134E498}.Debug|iPhoneSimulator.Deploy.0 = Debug|Any CPU
		{EA3619F0-8D9C-4B8F-85FD-6692B134E498}.Release|Any CPU.ActiveCfg = Release|Any CPU
		{EA3619F0-8D9C-4B8F-85FD-6692B134E498}.Release|Any CPU.Build.0 = Release|Any CPU
		{EA3619F0-8D9C-4B8F-85FD-6692B134E498}.Release|Any CPU.Deploy.0 = Release|Any CPU
		{EA3619F0-8D9C-4B8F-85FD-6692B134E498}.Release|iPhone.ActiveCfg = Release|Any CPU
		{EA3619F0-8D9C-4B8F-85FD-6692B134E498}.Release|iPhone.Build.0 = Release|Any CPU
		{EA3619F0-8D9C-4B8F-85FD-6692B134E498}.Release|iPhone.Deploy.0 = Release|Any CPU
		{EA3619F0-8D9C-4B8F-85FD-6692B134E498}.Release|iPhoneSimulator.ActiveCfg = Release|Any CPU
		{EA3619F0-8D9C-4B8F-85FD-6692B134E498}.Release|iPhoneSimulator.Build.0 = Release|Any CPU
		{EA3619F0-8D9C-4B8F-85FD-6692B134E498}.Release|iPhoneSimulator.Deploy.0 = Release|Any CPU
	EndGlobalSection
	GlobalSection(SolutionProperties) = preSolution
		HideSolutionNode = FALSE
	EndGlobalSection
	GlobalSection(ExtensibilityGlobals) = postSolution
		SolutionGuid = {0E26152F-EA25-4CA7-9B27-9E6519C671CB}
	EndGlobalSection
EndGlobal
